{
  "sources": {
    "rightscale": {
      "locked_version": "13.5.0",
      "git": "git://github.com/rightscale/rightscale_cookbooks.git",
      "ref": "2cb843f6ef60e72c4f39c6b944ddcaf1d7b7097f",
      "rel": "cookbooks/rightscale"
    },
    "logging": {
      "locked_version": "13.5.0",
      "git": "git://github.com/rightscale/rightscale_cookbooks.git",
      "ref": "2cb843f6ef60e72c4f39c6b944ddcaf1d7b7097f",
      "rel": "cookbooks/logging"
    },
    "logging_rsyslog": {
      "locked_version": "13.5.0",
      "git": "git://github.com/rightscale/rightscale_cookbooks.git",
      "ref": "2cb843f6ef60e72c4f39c6b944ddcaf1d7b7097f",
      "rel": "cookbooks/logging_rsyslog"
    },
    "logging_syslog_ng": {
      "locked_version": "13.5.0",
      "git": "git://github.com/rightscale/rightscale_cookbooks.git",
      "ref": "2cb843f6ef60e72c4f39c6b944ddcaf1d7b7097f",
      "rel": "cookbooks/logging_syslog_ng"
    },
    "block_device": {
      "locked_version": "13.5.0",
      "git": "git://github.com/rightscale/rightscale_cookbooks.git",
      "ref": "2cb843f6ef60e72c4f39c6b944ddcaf1d7b7097f",
      "rel": "cookbooks/block_device"
    },
    "sys": {
      "locked_version": "13.5.0",
      "git": "git://github.com/rightscale/rightscale_cookbooks.git",
      "ref": "2cb843f6ef60e72c4f39c6b944ddcaf1d7b7097f",
      "rel": "cookbooks/sys"
    },
    "sys_dns": {
      "locked_version": "13.5.0",
      "git": "git://github.com/rightscale/rightscale_cookbooks.git",
      "ref": "2cb843f6ef60e72c4f39c6b944ddcaf1d7b7097f",
      "rel": "cookbooks/sys_dns"
    },
    "sys_ntp": {
      "locked_version": "13.5.0",
      "git": "git://github.com/rightscale/rightscale_cookbooks.git",
      "ref": "2cb843f6ef60e72c4f39c6b944ddcaf1d7b7097f",
      "rel": "cookbooks/sys_ntp"
    },
    "sys_firewall": {
      "locked_version": "13.5.0",
      "git": "git://github.com/rightscale/rightscale_cookbooks.git",
      "ref": "2cb843f6ef60e72c4f39c6b944ddcaf1d7b7097f",
      "rel": "cookbooks/sys_firewall"
    },
    "web_apache": {
      "locked_version": "13.5.0",
      "git": "git://github.com/rightscale/rightscale_cookbooks.git",
      "ref": "2cb843f6ef60e72c4f39c6b944ddcaf1d7b7097f",
      "rel": "cookbooks/web_apache"
    },
    "app": {
      "locked_version": "13.5.0",
      "git": "git://github.com/rightscale/rightscale_cookbooks.git",
      "ref": "2cb843f6ef60e72c4f39c6b944ddcaf1d7b7097f",
      "rel": "cookbooks/app"
    },
    "app_django": {
      "locked_version": "13.5.0",
      "git": "git://github.com/rightscale/rightscale_cookbooks.git",
      "ref": "2cb843f6ef60e72c4f39c6b944ddcaf1d7b7097f",
      "rel": "cookbooks/app_django"
    },
    "app_jboss": {
      "locked_version": "13.5.0",
      "git": "git://github.com/rightscale/rightscale_cookbooks.git",
      "ref": "2cb843f6ef60e72c4f39c6b944ddcaf1d7b7097f",
      "rel": "cookbooks/app_jboss"
    },
    "app_passenger": {
      "locked_version": "13.5.0",
      "git": "git://github.com/rightscale/rightscale_cookbooks.git",
      "ref": "2cb843f6ef60e72c4f39c6b944ddcaf1d7b7097f",
      "rel": "cookbooks/app_passenger"
    },
    "app_php": {
      "locked_version": "13.5.0",
      "git": "git://github.com/rightscale/rightscale_cookbooks.git",
      "ref": "2cb843f6ef60e72c4f39c6b944ddcaf1d7b7097f",
      "rel": "cookbooks/app_php"
    },
    "app_tomcat": {
      "locked_version": "13.5.0",
      "git": "git://github.com/rightscale/rightscale_cookbooks.git",
      "ref": "2cb843f6ef60e72c4f39c6b944ddcaf1d7b7097f",
      "rel": "cookbooks/app_tomcat"
    },
    "memcached": {
      "locked_version": "13.5.0",
      "git": "git://github.com/rightscale/rightscale_cookbooks.git",
      "ref": "2cb843f6ef60e72c4f39c6b944ddcaf1d7b7097f",
      "rel": "cookbooks/memcached"
    },
    "repo": {
      "locked_version": "13.5.0",
      "git": "git://github.com/rightscale/rightscale_cookbooks.git",
      "ref": "2cb843f6ef60e72c4f39c6b944ddcaf1d7b7097f",
      "rel": "cookbooks/repo"
    },
    "repo_ftp": {
      "locked_version": "13.5.0",
      "git": "git://github.com/rightscale/rightscale_cookbooks.git",
      "ref": "2cb843f6ef60e72c4f39c6b944ddcaf1d7b7097f",
      "rel": "cookbooks/repo_ftp"
    },
    "repo_git": {
      "locked_version": "13.5.0",
      "git": "git://github.com/rightscale/rightscale_cookbooks.git",
      "ref": "2cb843f6ef60e72c4f39c6b944ddcaf1d7b7097f",
      "rel": "cookbooks/repo_git"
    },
    "repo_ros": {
      "locked_version": "13.5.0",
      "git": "git://github.com/rightscale/rightscale_cookbooks.git",
      "ref": "2cb843f6ef60e72c4f39c6b944ddcaf1d7b7097f",
      "rel": "cookbooks/repo_ros"
    },
    "repo_rsync": {
      "locked_version": "13.5.0",
      "git": "git://github.com/rightscale/rightscale_cookbooks.git",
      "ref": "2cb843f6ef60e72c4f39c6b944ddcaf1d7b7097f",
      "rel": "cookbooks/repo_rsync"
    },
    "repo_svn": {
      "locked_version": "13.5.0",
      "git": "git://github.com/rightscale/rightscale_cookbooks.git",
      "ref": "2cb843f6ef60e72c4f39c6b944ddcaf1d7b7097f",
      "rel": "cookbooks/repo_svn"
    },
    "cloudmonitoring": {
      "locked_version": "0.1.5",
      "git": "git://github.com/rightscale/rackspace_cookbooks.git",
      "ref": "8b3c5b8678b462ba7980de6919f0c6a0ac9777a0",
      "rel": "cloudmonitoring"
    },
    "driveclient": {
      "locked_version": "1.0.0",
      "git": "git://github.com/rightscale/rackspace_cookbooks.git",
      "ref": "8b3c5b8678b462ba7980de6919f0c6a0ac9777a0",
      "rel": "driveclient"
    },
    "db": {
      "locked_version": "13.5.0",
      "git": "git://github.com/rightscale/rightscale_cookbooks.git",
      "ref": "2cb843f6ef60e72c4f39c6b944ddcaf1d7b7097f",
      "rel": "cookbooks/db"
    },
    "db_mysql": {
      "locked_version": "13.5.0",
      "git": "git://github.com/rightscale/rightscale_cookbooks.git",
      "ref": "2cb843f6ef60e72c4f39c6b944ddcaf1d7b7097f",
      "rel": "cookbooks/db_mysql"
    },
    "db_postgres": {
      "locked_version": "13.5.0",
      "git": "git://github.com/rightscale/rightscale_cookbooks.git",
      "ref": "2cb843f6ef60e72c4f39c6b944ddcaf1d7b7097f",
      "rel": "cookbooks/db_postgres"
    },
    "rsss": {
      "locked_version": "0.0.6",
      "git": "git://github.com/rgeyer-rs-cookbooks/rsss.git",
      "ref": "d0eff6c9cd52d0f9fd3c0e74d4366e1623408c45"
    },
    "apt": {
      "locked_version": "1.10.0"
    },
    "yum": {
      "locked_version": "2.3.0"
    },
    "rightscaleshim": {
      "locked_version": "0.1.0",
      "git": "https://github.com/rgeyer-rs-cookbooks/rightscaleshim.git",
      "ref": "bd66cd70665abfb77b9bf03263fe890c2a59b014"
    },
    "system": {
      "locked_version": "0.0.1",
      "git": "git://github.com/xhost-cookbooks/system.git",
      "ref": "69382aa89b63b9e5ecf711ae8755412cf5d41778"
    },
    "resolver": {
      "locked_version": "1.1.2"
    },
    "iptables": {
      "locked_version": "0.12.0"
    },
    "apache2": {
      "locked_version": "1.6.6"
    },
    "python": {
      "locked_version": "1.3.4"
    },
    "build-essential": {
      "locked_version": "1.4.0"
    },
    "logrotate": {
      "locked_version": "1.2.2"
    },
    "git": {
      "locked_version": "2.5.2"
    },
    "dmg": {
      "locked_version": "1.1.0"
    },
    "windows": {
      "locked_version": "1.10.0"
    },
    "chef_handler": {
      "locked_version": "1.1.4"
    },
    "runit": {
      "locked_version": "1.1.6"
    },
    "cron": {
      "locked_version": "1.2.4"
    }
  }
}
