{
    "hash": "386a2b2071f0e40049391cbcfe0974cc",
    "packages": [
        {
            "name": "doctrine/common",
            "version": "2.2.3",
            "source": {
                "type": "git",
                "url": "https://github.com/doctrine/common",
                "reference": "2.2.3"
            },
            "dist": {
                "type": "zip",
                "url": "https://github.com/doctrine/common/zipball/2.2.3",
                "reference": "2.2.3",
                "shasum": ""
            },
            "require": {
                "php": ">=5.3.2"
            },
            "time": "2012-08-29 08:04:14",
            "type": "library",
            "installation-source": "dist",
            "autoload": {
                "psr-0": {
                    "Doctrine\\Common": "lib/"
                }
            },
            "license": [
                "LGPL"
            ],
            "authors": [
                {
                    "name": "Jonathan Wage",
                    "email": "jonwage@gmail.com",
                    "homepage": "http://www.jwage.com/"
                },
                {
                    "name": "Guilherme Blanco",
                    "email": "guilhermeblanco@gmail.com",
                    "homepage": "http://www.instaclick.com"
                },
                {
                    "name": "Roman Borschel",
                    "email": "roman@code-factory.org"
                },
                {
                    "name": "Benjamin Eberlei",
                    "email": "kontakt@beberlei.de"
                },
                {
                    "name": "Johannes Schmitt",
                    "email": "schmittjoh@gmail.com",
                    "homepage": "https://github.com/schmittjoh",
                    "role": "Developer of wrapped JMSSerializerBundle"
                }
            ],
            "description": "Common Library for Doctrine projects",
            "homepage": "http://www.doctrine-project.org",
            "keywords": [
                "collections",
                "spl",
                "eventmanager",
                "annotations",
                "persistence"
            ]
        },
        {
            "name": "doctrine/dbal",
            "version": "2.2.2",
            "source": {
                "type": "git",
                "url": "https://github.com/doctrine/dbal",
                "reference": "2.2.2"
            },
            "dist": {
                "type": "zip",
                "url": "https://github.com/doctrine/dbal/zipball/2.2.2",
                "reference": "2.2.2",
                "shasum": ""
            },
            "require": {
                "php": ">=5.3.2",
                "doctrine/common": ">=2.2.0,<=2.2.99"
            },
            "time": "2012-04-13 07:56:12",
            "type": "library",
            "installation-source": "dist",
            "autoload": {
                "psr-0": {
                    "Doctrine\\DBAL": "lib/"
                }
            },
            "license": [
                "LGPL"
            ],
            "authors": [
                {
                    "name": "Jonathan Wage",
                    "email": "jonwage@gmail.com",
                    "homepage": "http://www.jwage.com/"
                },
                {
                    "name": "Guilherme Blanco",
                    "email": "guilhermeblanco@gmail.com",
                    "homepage": "http://www.instaclick.com"
                },
                {
                    "name": "Roman Borschel",
                    "email": "roman@code-factory.org"
                },
                {
                    "name": "Benjamin Eberlei",
                    "email": "kontakt@beberlei.de"
                }
            ],
            "description": "Database Abstraction Layer",
            "homepage": "http://www.doctrine-project.org",
            "keywords": [
                "database",
                "persistence",
                "dbal",
                "queryobject"
            ]
        },
        {
            "name": "doctrine/orm",
            "version": "2.2.3",
            "source": {
                "type": "git",
                "url": "git://github.com/doctrine/doctrine2.git",
                "reference": "2.2.3"
            },
            "dist": {
                "type": "zip",
                "url": "https://github.com/doctrine/doctrine2/zipball/2.2.3",
                "reference": "2.2.3",
                "shasum": ""
            },
            "require": {
                "php": ">=5.3.2",
                "ext-pdo": "*",
                "doctrine/common": "2.2.*",
                "doctrine/dbal": "2.2.*"
            },
            "time": "2012-07-29 11:22:34",
            "type": "library",
            "installation-source": "dist",
            "autoload": {
                "psr-0": {
                    "Doctrine\\ORM": "lib/"
                }
            },
            "license": [
                "LGPL"
            ],
            "authors": [
                {
                    "name": "Jonathan Wage",
                    "email": "jonwage@gmail.com",
                    "homepage": "http://www.jwage.com/"
                },
                {
                    "name": "Guilherme Blanco",
                    "email": "guilhermeblanco@gmail.com",
                    "homepage": "http://www.instaclick.com"
                },
                {
                    "name": "Roman Borschel",
                    "email": "roman@code-factory.org"
                },
                {
                    "name": "Benjamin Eberlei",
                    "email": "kontakt@beberlei.de"
                }
            ],
            "description": "Object-Relational-Mapper for PHP",
            "homepage": "http://www.doctrine-project.org",
            "keywords": [
                "database",
                "orm"
            ]
        },
        {
            "name": "fp/lightopenid",
            "version": "dev-master",
            "source": {
                "type": "git",
                "url": "https://github.com/formapro/LightOpenID",
                "reference": "ad14146f9c93e90699888e150427aca431dc3c18"
            },
            "dist": {
                "type": "zip",
                "url": "https://github.com/formapro/LightOpenID/zipball/ad14146f9c93e90699888e150427aca431dc3c18",
                "reference": "ad14146f9c93e90699888e150427aca431dc3c18",
                "shasum": ""
            },
            "require": {
                "php": ">=5.2"
            },
            "time": "1333528791",
            "type": "library",
            "installation-source": "source",
            "autoload": {
                "classmap": [
                    "openid.php",
                    "provider/provider.php"
                ]
            },
            "authors": [
                {
                    "name": "Mewp",
                    "email": "mewp151+gitorious.org@gmail.com"
                }
            ],
            "description": "A PHP 5 library for easy openid authentication",
            "homepage": "https://github.com/formapro/LightOpenID",
            "keywords": [
                "security",
                "OpenId",
                "Authentication"
            ]
        },
        {
            "name": "guzzle/guzzle",
            "version": "v2.7.2",
            "source": {
                "type": "git",
                "url": "https://github.com/guzzle/guzzle",
                "reference": "v2.7.2"
            },
            "dist": {
                "type": "zip",
                "url": "https://github.com/guzzle/guzzle/zipball/v2.7.2",
                "reference": "v2.7.2",
                "shasum": ""
            },
            "require": {
                "php": ">=5.3.2",
                "ext-curl": "*",
                "symfony/event-dispatcher": "2.*"
            },
            "replace": {
                "guzzle/common": "self.version",
                "guzzle/http": "self.version",
                "guzzle/parser": "self.version"
            },
            "require-dev": {
                "doctrine/common": "*",
                "symfony/class-loader": "*",
                "monolog/monolog": "1.*",
                "zendframework/zend-cache": "2.0.*",
                "zendframework/zend-log": "2.0.*",
                "zendframework/zend-loader": "2.0.*",
                "zendframework/zend-stdlib": "2.0.*",
                "zendframework/zend-eventmanager": "2.0.*",
                "zendframework/zend-servicemanager": "2.0.*",
                "zend/zend-log1": "1.11",
                "zend/zend-cache1": "1.11"
            },
            "time": "2012-07-02 21:04:37",
            "type": "library",
            "installation-source": "dist",
            "autoload": {
                "psr-0": {
                    "Guzzle\\Tests": "tests/",
                    "Guzzle": "src/"
                }
            },
            "license": [
                "MIT"
            ],
            "authors": [
                {
                    "name": "Michael Dowling",
                    "email": "mtdowling@gmail.com",
                    "homepage": "https://github.com/mtdowling"
                },
                {
                    "name": "Guzzle Community",
                    "homepage": "https://github.com/guzzle/guzzle/contributors"
                }
            ],
            "description": "Guzzle is a PHP HTTP client library and framework for building RESTful web service clients",
            "homepage": "http://guzzlephp.org/",
            "keywords": [
                "framework",
                "curl",
                "http",
                "rest",
                "http client",
                "client",
                "web service"
            ]
        },
        {
            "name": "guzzle/guzzle-aws",
            "version": "dev-guzzle2",
            "source": {
                "type": "git",
                "url": "git://github.com/rgeyer/guzzle-aws.git",
                "reference": "00a5fdba608d9dbfe73aa094f2aa6681b039ba2d"
            },
            "dist": {
                "type": "zip",
                "url": "https://github.com/rgeyer/guzzle-aws/zipball/00a5fdba608d9dbfe73aa094f2aa6681b039ba2d",
                "reference": "00a5fdba608d9dbfe73aa094f2aa6681b039ba2d",
                "shasum": ""
            },
            "require": {
                "php": ">=5.3.2",
                "guzzle/guzzle": ">=2.0.0"
            },
            "time": "1345767991",
            "type": "library",
            "installation-source": "source",
            "autoload": {
                "psr-0": {
                    "Guzzle\\Aws": "/src"
                }
            },
            "license": [
                "MIT"
            ],
            "authors": [
                {
                    "name": "Michael Dowling",
                    "email": "michael@guzzlephp.org"
                },
                {
                    "name": "Guzzle Community",
                    "homepage": "https://github.com/guzzle/guzzle-aws/contributors"
                }
            ],
            "description": "Guzzle PHP client for AWS",
            "homepage": "http://www.guzzlephp.org/",
            "keywords": [
                "framework",
                "amazon",
                "s3",
                "aws",
                "sqs",
                "simpledb",
                "mws"
            ]
        },
        {
            "name": "rgeyer/guzzle-rs",
            "version": "dev-master",
            "source": {
                "type": "git",
                "url": "git://github.com/rgeyer/rs_guzzle_client.git",
                "reference": "f5928d44a67579e6a2805c3b434989f2a9cd2e32"
            },
            "dist": {
                "type": "zip",
                "url": "https://github.com/rgeyer/rs_guzzle_client/zipball/f5928d44a67579e6a2805c3b434989f2a9cd2e32",
                "reference": "f5928d44a67579e6a2805c3b434989f2a9cd2e32",
                "shasum": ""
            },
            "require": {
                "php": ">=5.3.2",
                "guzzle/guzzle": ">=2.0.0,<=2.7.2"
            },
            "time": "1349130018",
            "type": "library",
            "installation-source": "source",
            "autoload": {
                "psr-0": {
                    "RGeyer\\Guzzle\\Rs": "/src"
                }
            },
            "license": [
                "Apache 2.0"
            ],
            "authors": [
                {
                    "name": "Ryan J. Geyer",
                    "email": "me@ryangeyer.com"
                }
            ],
            "description": "Guzzle Client for RightScale API 1.0 and 1.5",
            "homepage": "https://github.com/rgeyer/rs_guzzle_client",
            "keywords": [
                "api",
                "client",
                "Guzzle",
                "RightScale"
            ]
        },
        {
            "name": "symfony/console",
            "version": "v2.0.17",
            "target-dir": "Symfony/Component/Console",
            "source": {
                "type": "git",
                "url": "https://github.com/symfony/Console",
                "reference": "v2.0.17"
            },
            "dist": {
                "type": "zip",
                "url": "https://github.com/symfony/Console/zipball/v2.0.17",
                "reference": "v2.0.17",
                "shasum": ""
            },
            "require": {
                "php": ">=5.3.2"
            },
            "time": "2012-07-20 05:25:32",
            "type": "library",
            "installation-source": "dist",
            "autoload": {
                "psr-0": {
                    "Symfony\\Component\\Console": ""
                }
            },
            "license": [
                "MIT"
            ],
            "authors": [
                {
                    "name": "Fabien Potencier",
                    "email": "fabien@symfony.com"
                },
                {
                    "name": "Symfony Community",
                    "homepage": "http://symfony.com/contributors"
                }
            ],
            "description": "Symfony Console Component",
            "homepage": "http://symfony.com"
        },
        {
            "name": "symfony/event-dispatcher",
            "version": "v2.1.2",
            "target-dir": "Symfony/Component/EventDispatcher",
            "source": {
                "type": "git",
                "url": "https://github.com/symfony/EventDispatcher",
                "reference": "v2.1.2"
            },
            "dist": {
                "type": "zip",
                "url": "https://github.com/symfony/EventDispatcher/zipball/v2.1.2",
                "reference": "v2.1.2",
                "shasum": ""
            },
            "require": {
                "php": ">=5.3.3"
            },
            "require-dev": {
                "symfony/dependency-injection": "2.1.*"
            },
            "suggest": {
                "symfony/dependency-injection": "2.1.*",
                "symfony/http-kernel": "2.1.*"
            },
            "time": "2012-09-10 10:53:42",
            "type": "library",
            "extra": {
                "branch-alias": {
                    "dev-master": "2.1-dev"
                }
            },
            "installation-source": "dist",
            "autoload": {
                "psr-0": {
                    "Symfony\\Component\\EventDispatcher": ""
                }
            },
            "license": [
                "MIT"
            ],
            "authors": [
                {
                    "name": "Fabien Potencier",
                    "email": "fabien@symfony.com"
                },
                {
                    "name": "Symfony Community",
                    "homepage": "http://symfony.com/contributors"
                }
            ],
            "description": "Symfony EventDispatcher Component",
            "homepage": "http://symfony.com"
        }
    ],
    "packages-dev": null,
    "aliases": [

    ],
    "minimum-stability": "stable",
    "stability-flags": {
        "fp/lightopenid": 20,
        "rgeyer/guzzle-rs": 20,
        "guzzle/guzzle-aws": 20
    }
}
